
Microsoft Visual Studio Solution File, Format Version 12.00
# Visual Studio Version 17
VisualStudioVersion = 17.9.34607.119
MinimumVisualStudioVersion = 10.0.40219.1
Project("{2150E333-8FDC-42A3-9474-1A3956D46DE8}") = "src", "src", "{0FD83B63-7F56-4D2A-AED6-E4F230FA1BB7}"
EndProject
Project("{2150E333-8FDC-42A3-9474-1A3956D46DE8}") = "Building Blocks", "Building Blocks", "{A11F5342-6BF3-4B7E-BB24-B4FF1657C856}"
EndProject
Project("{2150E333-8FDC-42A3-9474-1A3956D46DE8}") = "Web", "Web", "{FABD7FD5-AB3A-427D-A7DF-569D545D1B3D}"
EndProject
Project("{2150E333-8FDC-42A3-9474-1A3956D46DE8}") = "Services", "Services", "{66B2AC50-17CF-4282-8760-3BBE85E9887B}"
EndProject
Project("{2150E333-8FDC-42A3-9474-1A3956D46DE8}") = "Identidade", "Identidade", "{2D9C29F9-88BE-4985-83F6-63CA48CD42CC}"
EndProject
Project("{9A19103F-16F7-4668-BE54-9A1E7A4F7556}") = "YourSneaker.Identidade.API", "src\Services\YourSneaker.Identidade.API\YourSneaker.Identidade.API.csproj", "{4061904B-3203-4420-A3FF-6FFA6FF428FC}"
EndProject
Project("{2150E333-8FDC-42A3-9474-1A3956D46DE8}") = "Mvc", "Mvc", "{BB0AEC94-D4F4-4943-9EBB-34509F903883}"
EndProject
Project("{9A19103F-16F7-4668-BE54-9A1E7A4F7556}") = "YourSneaker.WebApp.MVC", "src\Web\YourSneaker.WebApp.MVC\YourSneaker.WebApp.MVC.csproj", "{798B4949-EDFD-446E-B02C-DAFAFE66A4FF}"
EndProject
Project("{2150E333-8FDC-42A3-9474-1A3956D46DE8}") = "Core", "Core", "{34B38634-4BE6-4C66-B831-5A1316C1BB08}"
EndProject
Project("{9A19103F-16F7-4668-BE54-9A1E7A4F7556}") = "YourSneaker.Core", "src\Building Blocks\YourSneaker.Core\YourSneaker.Core.csproj", "{83327BEC-0483-4192-A5CF-D329EC74668A}"
EndProject
Project("{2150E333-8FDC-42A3-9474-1A3956D46DE8}") = "Pedido", "Pedido", "{C0FD6319-2C39-4FAC-9AEC-E06D8D8D40D6}"
EndProject
Project("{9A19103F-16F7-4668-BE54-9A1E7A4F7556}") = "YourSneaker.Pedido.API", "src\Services\YourSneaker.Pedido.API\YourSneaker.Pedido.API.csproj", "{6F5DD23A-B7D0-4EC8-8A1A-1D9EDE9A80D9}"
EndProject
Project("{2150E333-8FDC-42A3-9474-1A3956D46DE8}") = "Carrinho", "Carrinho", "{E3A4482B-41A3-472B-AF5D-0FC239B0545B}"
EndProject
Project("{9A19103F-16F7-4668-BE54-9A1E7A4F7556}") = "YourSneaker.Carrinho.API", "src\Services\YourSneaker.Carrinho.API\YourSneaker.Carrinho.API.csproj", "{B1EB7D99-B137-4D1D-B4F1-DBA48322DD3D}"
EndProject
Project("{2150E333-8FDC-42A3-9474-1A3956D46DE8}") = "Pagamento", "Pagamento", "{C21E6C2C-CE88-4D64-AB54-A4F833CFAA06}"
EndProject
Project("{9A19103F-16F7-4668-BE54-9A1E7A4F7556}") = "YourSneaker.Pagamento.API", "src\Services\YourSneaker.Pagamento.API\YourSneaker.Pagamento.API.csproj", "{295B6EAD-63E8-41AD-9EA7-0043C2B02DCD}"
EndProject
Project("{2150E333-8FDC-42A3-9474-1A3956D46DE8}") = "Clientes", "Clientes", "{B70FEBFD-8D84-46C3-97C6-E5DEE2F2C5A5}"
EndProject
Project("{2150E333-8FDC-42A3-9474-1A3956D46DE8}") = "Catalogo", "Catalogo", "{4CC9BB21-7751-45D6-8F2E-DD0640C9FE49}"
EndProject
Project("{9A19103F-16F7-4668-BE54-9A1E7A4F7556}") = "YourSneaker.Catalogo.API", "src\Services\YourSneaker.Catalogo.API\YourSneaker.Catalogo.API.csproj", "{C109B504-07BD-4EBF-8BBD-AC7424BF600A}"
EndProject
Project("{2150E333-8FDC-42A3-9474-1A3956D46DE8}") = "Services", "Services", "{6548FAD8-FD6B-4844-867D-5E698A5FFFAD}"
EndProject
Project("{9A19103F-16F7-4668-BE54-9A1E7A4F7556}") = "YourSneaker.WebAPI.Core", "src\Building Blocks\YourSneaker.WebAPI.Core\YourSneaker.WebAPI.Core.csproj", "{8BD9657B-E044-426F-99E9-602F75E08916}"
EndProject
Project("{FAE04EC0-301F-11D3-BF4B-00C04F79EFBC}") = "YourSneaker.Clientes.API", "src\Services\YourSneaker.Clientes.API\YourSneaker.Clientes.API\YourSneaker.Clientes.API.csproj", "{D3FD21ED-0048-4D4C-8D50-57339A42FFD4}"
EndProject
Global
	GlobalSection(SolutionConfigurationPlatforms) = preSolution
		Debug|Any CPU = Debug|Any CPU
		Release|Any CPU = Release|Any CPU
	EndGlobalSection
	GlobalSection(ProjectConfigurationPlatforms) = postSolution
		{4061904B-3203-4420-A3FF-6FFA6FF428FC}.Debug|Any CPU.ActiveCfg = Debug|Any CPU
		{4061904B-3203-4420-A3FF-6FFA6FF428FC}.Debug|Any CPU.Build.0 = Debug|Any CPU
		{4061904B-3203-4420-A3FF-6FFA6FF428FC}.Release|Any CPU.ActiveCfg = Release|Any CPU
		{4061904B-3203-4420-A3FF-6FFA6FF428FC}.Release|Any CPU.Build.0 = Release|Any CPU
		{798B4949-EDFD-446E-B02C-DAFAFE66A4FF}.Debug|Any CPU.ActiveCfg = Debug|Any CPU
		{798B4949-EDFD-446E-B02C-DAFAFE66A4FF}.Debug|Any CPU.Build.0 = Debug|Any CPU
		{798B4949-EDFD-446E-B02C-DAFAFE66A4FF}.Release|Any CPU.ActiveCfg = Release|Any CPU
		{798B4949-EDFD-446E-B02C-DAFAFE66A4FF}.Release|Any CPU.Build.0 = Release|Any CPU
		{83327BEC-0483-4192-A5CF-D329EC74668A}.Debug|Any CPU.ActiveCfg = Debug|Any CPU
		{83327BEC-0483-4192-A5CF-D329EC74668A}.Debug|Any CPU.Build.0 = Debug|Any CPU
		{83327BEC-0483-4192-A5CF-D329EC74668A}.Release|Any CPU.ActiveCfg = Release|Any CPU
		{83327BEC-0483-4192-A5CF-D329EC74668A}.Release|Any CPU.Build.0 = Release|Any CPU
		{6F5DD23A-B7D0-4EC8-8A1A-1D9EDE9A80D9}.Debug|Any CPU.ActiveCfg = Debug|Any CPU
		{6F5DD23A-B7D0-4EC8-8A1A-1D9EDE9A80D9}.Debug|Any CPU.Build.0 = Debug|Any CPU
		{6F5DD23A-B7D0-4EC8-8A1A-1D9EDE9A80D9}.Release|Any CPU.ActiveCfg = Release|Any CPU
		{6F5DD23A-B7D0-4EC8-8A1A-1D9EDE9A80D9}.Release|Any CPU.Build.0 = Release|Any CPU
		{B1EB7D99-B137-4D1D-B4F1-DBA48322DD3D}.Debug|Any CPU.ActiveCfg = Debug|Any CPU
		{B1EB7D99-B137-4D1D-B4F1-DBA48322DD3D}.Debug|Any CPU.Build.0 = Debug|Any CPU
		{B1EB7D99-B137-4D1D-B4F1-DBA48322DD3D}.Release|Any CPU.ActiveCfg = Release|Any CPU
		{B1EB7D99-B137-4D1D-B4F1-DBA48322DD3D}.Release|Any CPU.Build.0 = Release|Any CPU
		{295B6EAD-63E8-41AD-9EA7-0043C2B02DCD}.Debug|Any CPU.ActiveCfg = Debug|Any CPU
		{295B6EAD-63E8-41AD-9EA7-0043C2B02DCD}.Debug|Any CPU.Build.0 = Debug|Any CPU
		{295B6EAD-63E8-41AD-9EA7-0043C2B02DCD}.Release|Any CPU.ActiveCfg = Release|Any CPU
		{295B6EAD-63E8-41AD-9EA7-0043C2B02DCD}.Release|Any CPU.Build.0 = Release|Any CPU
		{C109B504-07BD-4EBF-8BBD-AC7424BF600A}.Debug|Any CPU.ActiveCfg = Debug|Any CPU
		{C109B504-07BD-4EBF-8BBD-AC7424BF600A}.Debug|Any CPU.Build.0 = Debug|Any CPU
		{C109B504-07BD-4EBF-8BBD-AC7424BF600A}.Release|Any CPU.ActiveCfg = Release|Any CPU
		{C109B504-07BD-4EBF-8BBD-AC7424BF600A}.Release|Any CPU.Build.0 = Release|Any CPU
		{8BD9657B-E044-426F-99E9-602F75E08916}.Debug|Any CPU.ActiveCfg = Debug|Any CPU
		{8BD9657B-E044-426F-99E9-602F75E08916}.Debug|Any CPU.Build.0 = Debug|Any CPU
		{8BD9657B-E044-426F-99E9-602F75E08916}.Release|Any CPU.ActiveCfg = Release|Any CPU
		{8BD9657B-E044-426F-99E9-602F75E08916}.Release|Any CPU.Build.0 = Release|Any CPU
		{D3FD21ED-0048-4D4C-8D50-57339A42FFD4}.Debug|Any CPU.ActiveCfg = Debug|Any CPU
		{D3FD21ED-0048-4D4C-8D50-57339A42FFD4}.Debug|Any CPU.Build.0 = Debug|Any CPU
		{D3FD21ED-0048-4D4C-8D50-57339A42FFD4}.Release|Any CPU.ActiveCfg = Release|Any CPU
		{D3FD21ED-0048-4D4C-8D50-57339A42FFD4}.Release|Any CPU.Build.0 = Release|Any CPU
	EndGlobalSection
	GlobalSection(SolutionProperties) = preSolution
		HideSolutionNode = FALSE
	EndGlobalSection
	GlobalSection(NestedProjects) = preSolution
		{A11F5342-6BF3-4B7E-BB24-B4FF1657C856} = {0FD83B63-7F56-4D2A-AED6-E4F230FA1BB7}
		{FABD7FD5-AB3A-427D-A7DF-569D545D1B3D} = {0FD83B63-7F56-4D2A-AED6-E4F230FA1BB7}
		{66B2AC50-17CF-4282-8760-3BBE85E9887B} = {0FD83B63-7F56-4D2A-AED6-E4F230FA1BB7}
		{2D9C29F9-88BE-4985-83F6-63CA48CD42CC} = {66B2AC50-17CF-4282-8760-3BBE85E9887B}
		{4061904B-3203-4420-A3FF-6FFA6FF428FC} = {2D9C29F9-88BE-4985-83F6-63CA48CD42CC}
		{BB0AEC94-D4F4-4943-9EBB-34509F903883} = {FABD7FD5-AB3A-427D-A7DF-569D545D1B3D}
		{798B4949-EDFD-446E-B02C-DAFAFE66A4FF} = {BB0AEC94-D4F4-4943-9EBB-34509F903883}
		{34B38634-4BE6-4C66-B831-5A1316C1BB08} = {A11F5342-6BF3-4B7E-BB24-B4FF1657C856}
		{83327BEC-0483-4192-A5CF-D329EC74668A} = {34B38634-4BE6-4C66-B831-5A1316C1BB08}
		{C0FD6319-2C39-4FAC-9AEC-E06D8D8D40D6} = {66B2AC50-17CF-4282-8760-3BBE85E9887B}
		{6F5DD23A-B7D0-4EC8-8A1A-1D9EDE9A80D9} = {C0FD6319-2C39-4FAC-9AEC-E06D8D8D40D6}
		{E3A4482B-41A3-472B-AF5D-0FC239B0545B} = {66B2AC50-17CF-4282-8760-3BBE85E9887B}
		{B1EB7D99-B137-4D1D-B4F1-DBA48322DD3D} = {E3A4482B-41A3-472B-AF5D-0FC239B0545B}
		{C21E6C2C-CE88-4D64-AB54-A4F833CFAA06} = {66B2AC50-17CF-4282-8760-3BBE85E9887B}
		{295B6EAD-63E8-41AD-9EA7-0043C2B02DCD} = {C21E6C2C-CE88-4D64-AB54-A4F833CFAA06}
		{B70FEBFD-8D84-46C3-97C6-E5DEE2F2C5A5} = {66B2AC50-17CF-4282-8760-3BBE85E9887B}
		{4CC9BB21-7751-45D6-8F2E-DD0640C9FE49} = {66B2AC50-17CF-4282-8760-3BBE85E9887B}
		{C109B504-07BD-4EBF-8BBD-AC7424BF600A} = {4CC9BB21-7751-45D6-8F2E-DD0640C9FE49}
		{6548FAD8-FD6B-4844-867D-5E698A5FFFAD} = {A11F5342-6BF3-4B7E-BB24-B4FF1657C856}
		{8BD9657B-E044-426F-99E9-602F75E08916} = {6548FAD8-FD6B-4844-867D-5E698A5FFFAD}
		{D3FD21ED-0048-4D4C-8D50-57339A42FFD4} = {B70FEBFD-8D84-46C3-97C6-E5DEE2F2C5A5}
	EndGlobalSection
	GlobalSection(ExtensibilityGlobals) = postSolution
		SolutionGuid = {99F1D630-8420-47C2-9578-4BBA0E2DF4E7}
	EndGlobalSection
EndGlobal
